
Microsoft Visual Studio Solution File, Format Version 12.00
# Visual Studio Version 16
VisualStudioVersion = 16.0.33423.256
MinimumVisualStudioVersion = 10.0.40219.1
Project("{FAE04EC0-301F-11D3-BF4B-00C04F79EFBC}") = "TefnutGravshipWaterSystems", "TefnutGravshipWaterSystems.csproj", "{B836F508-240A-491E-A81B-A60D05876842}"
EndProject
Global
	GlobalSection(SolutionConfigurationPlatforms) = preSolution
		Debug|Any CPU = Debug|Any CPU
		Release|Any CPU = Release|Any CPU
	EndGlobalSection
	GlobalSection(ProjectConfigurationPlatforms) = postSolution
		{B836F508-240A-491E-A81B-A60D05876842}.Debug|Any CPU.ActiveCfg = Debug|Any CPU
		{B836F508-240A-491E-A81B-A60D05876842}.Debug|Any CPU.Build.0 = Debug|Any CPU
		{B836F508-240A-491E-A81B-A60D05876842}.Release|Any CPU.ActiveCfg = Release|Any CPU
		{B836F508-240A-491E-A81B-A60D05876842}.Release|Any CPU.Build.0 = Release|Any CPU
	EndGlobalSection
	GlobalSection(SolutionProperties) = preSolution
		HideSolutionNode = FALSE
	EndGlobalSection
	GlobalSection(ExtensibilityGlobals) = postSolution
		SolutionGuid = {48BB26C2-0F2E-481F-B221-746C277B6E6E}
	EndGlobalSection
EndGlobal
